
Microsoft Visual Studio Solution File, Format Version 12.00
# Visual Studio 2012
Project("{FAE04EC0-301F-11D3-BF4B-00C04F79EFBC}") = "ASCII_Tactics", "ASCII_Tactics\ASCII_Tactics.csproj", "{48130CB4-CCFF-45D2-929E-5333DDD45E31}"
EndProject
Project("{FAE04EC0-301F-11D3-BF4B-00C04F79EFBC}") = "ZConsole", "ZConsole\ZConsole.csproj", "{E45A2FAF-2D56-4EE8-8905-D3B079D14F5B}"
EndProject
Project("{FAE04EC0-301F-11D3-BF4B-00C04F79EFBC}") = "Map_Editor", "MapEditor\Map_Editor.csproj", "{7DE2B262-ACB9-449E-A323-B2BF976BFBDD}"
EndProject
Project("{FAE04EC0-301F-11D3-BF4B-00C04F79EFBC}") = "TileSet_Editor", "TileSet_Editor\TileSet_Editor.csproj", "{D9A5BC2D-281C-4AD8-9639-4E055ECB90F6}"
EndProject
Project("{FAE04EC0-301F-11D3-BF4B-00C04F79EFBC}") = "ZFC", "ZFC\ZFC.csproj", "{E97B7EF6-30EC-4C1D-8E65-6B073D8F4BCF}"
EndProject
Project("{FAE04EC0-301F-11D3-BF4B-00C04F79EFBC}") = "ZFrontier", "ZFrontier\ZFrontier.csproj", "{FBEC7C61-3F66-47F3-A83F-1BAE22FF1C4D}"
EndProject
Project("{2150E333-8FDC-42A3-9474-1A3956D46DE8}") = "Libs", "Libs", "{AE4DA6D8-5BB0-4952-A21A-1FC561325F22}"
EndProject
Project("{FAE04EC0-301F-11D3-BF4B-00C04F79EFBC}") = "ZLinq", "ZLinq\ZLinq.csproj", "{E181FCAA-48A1-431E-A704-CAB45B518E8A}"
EndProject
Project("{FAE04EC0-301F-11D3-BF4B-00C04F79EFBC}") = "ZDataBase", "ZDataBase\ZDataBase.csproj", "{A217EF33-E3BB-46D0-82B8-26D16E297759}"
EndProject
Global
	GlobalSection(SolutionConfigurationPlatforms) = preSolution
		Debug|Any CPU = Debug|Any CPU
		Release|Any CPU = Release|Any CPU
	EndGlobalSection
	GlobalSection(ProjectConfigurationPlatforms) = postSolution
		{48130CB4-CCFF-45D2-929E-5333DDD45E31}.Debug|Any CPU.ActiveCfg = Release|Any CPU
		{48130CB4-CCFF-45D2-929E-5333DDD45E31}.Debug|Any CPU.Build.0 = Release|Any CPU
		{48130CB4-CCFF-45D2-929E-5333DDD45E31}.Release|Any CPU.ActiveCfg = Release|Any CPU
		{48130CB4-CCFF-45D2-929E-5333DDD45E31}.Release|Any CPU.Build.0 = Release|Any CPU
		{E45A2FAF-2D56-4EE8-8905-D3B079D14F5B}.Debug|Any CPU.ActiveCfg = Release|Any CPU
		{E45A2FAF-2D56-4EE8-8905-D3B079D14F5B}.Debug|Any CPU.Build.0 = Release|Any CPU
		{E45A2FAF-2D56-4EE8-8905-D3B079D14F5B}.Release|Any CPU.ActiveCfg = Release|Any CPU
		{E45A2FAF-2D56-4EE8-8905-D3B079D14F5B}.Release|Any CPU.Build.0 = Release|Any CPU
		{7DE2B262-ACB9-449E-A323-B2BF976BFBDD}.Debug|Any CPU.ActiveCfg = Release|Any CPU
		{7DE2B262-ACB9-449E-A323-B2BF976BFBDD}.Debug|Any CPU.Build.0 = Release|Any CPU
		{7DE2B262-ACB9-449E-A323-B2BF976BFBDD}.Release|Any CPU.ActiveCfg = Release|Any CPU
		{7DE2B262-ACB9-449E-A323-B2BF976BFBDD}.Release|Any CPU.Build.0 = Release|Any CPU
		{D9A5BC2D-281C-4AD8-9639-4E055ECB90F6}.Debug|Any CPU.ActiveCfg = Debug|Any CPU
		{D9A5BC2D-281C-4AD8-9639-4E055ECB90F6}.Debug|Any CPU.Build.0 = Debug|Any CPU
		{D9A5BC2D-281C-4AD8-9639-4E055ECB90F6}.Release|Any CPU.ActiveCfg = Release|Any CPU
		{D9A5BC2D-281C-4AD8-9639-4E055ECB90F6}.Release|Any CPU.Build.0 = Release|Any CPU
		{E97B7EF6-30EC-4C1D-8E65-6B073D8F4BCF}.Debug|Any CPU.ActiveCfg = Debug|Any CPU
		{E97B7EF6-30EC-4C1D-8E65-6B073D8F4BCF}.Debug|Any CPU.Build.0 = Debug|Any CPU
		{E97B7EF6-30EC-4C1D-8E65-6B073D8F4BCF}.Release|Any CPU.ActiveCfg = Release|Any CPU
		{E97B7EF6-30EC-4C1D-8E65-6B073D8F4BCF}.Release|Any CPU.Build.0 = Release|Any CPU
		{FBEC7C61-3F66-47F3-A83F-1BAE22FF1C4D}.Debug|Any CPU.ActiveCfg = Debug|Any CPU
		{FBEC7C61-3F66-47F3-A83F-1BAE22FF1C4D}.Debug|Any CPU.Build.0 = Debug|Any CPU
		{FBEC7C61-3F66-47F3-A83F-1BAE22FF1C4D}.Release|Any CPU.ActiveCfg = Release|Any CPU
		{FBEC7C61-3F66-47F3-A83F-1BAE22FF1C4D}.Release|Any CPU.Build.0 = Release|Any CPU
		{E181FCAA-48A1-431E-A704-CAB45B518E8A}.Debug|Any CPU.ActiveCfg = Debug|Any CPU
		{E181FCAA-48A1-431E-A704-CAB45B518E8A}.Debug|Any CPU.Build.0 = Debug|Any CPU
		{E181FCAA-48A1-431E-A704-CAB45B518E8A}.Release|Any CPU.ActiveCfg = Release|Any CPU
		{E181FCAA-48A1-431E-A704-CAB45B518E8A}.Release|Any CPU.Build.0 = Release|Any CPU
		{A217EF33-E3BB-46D0-82B8-26D16E297759}.Debug|Any CPU.ActiveCfg = Debug|Any CPU
		{A217EF33-E3BB-46D0-82B8-26D16E297759}.Debug|Any CPU.Build.0 = Debug|Any CPU
		{A217EF33-E3BB-46D0-82B8-26D16E297759}.Release|Any CPU.ActiveCfg = Release|Any CPU
		{A217EF33-E3BB-46D0-82B8-26D16E297759}.Release|Any CPU.Build.0 = Release|Any CPU
	EndGlobalSection
	GlobalSection(SolutionProperties) = preSolution
		HideSolutionNode = FALSE
	EndGlobalSection
	GlobalSection(NestedProjects) = preSolution
		{E97B7EF6-30EC-4C1D-8E65-6B073D8F4BCF} = {AE4DA6D8-5BB0-4952-A21A-1FC561325F22}
		{E45A2FAF-2D56-4EE8-8905-D3B079D14F5B} = {AE4DA6D8-5BB0-4952-A21A-1FC561325F22}
		{E181FCAA-48A1-431E-A704-CAB45B518E8A} = {AE4DA6D8-5BB0-4952-A21A-1FC561325F22}
		{A217EF33-E3BB-46D0-82B8-26D16E297759} = {AE4DA6D8-5BB0-4952-A21A-1FC561325F22}
	EndGlobalSection
EndGlobal
